
Microsoft Visual Studio Solution File, Format Version 12.00
Project("{FAE04EC0-301F-11D3-BF4B-00C04F79EFBC}") = "VerifyTrial", "VerifyTrial\VerifyTrial.csproj", "{9FAB28E1-7660-4E3D-A613-23D5E2CC18E9}"
EndProject
Project("{FAE04EC0-301F-11D3-BF4B-00C04F79EFBC}") = "VerifyTrial.Tests", "VerifyTrial.Tests\VerifyTrial.Tests.csproj", "{D0729CDE-6B8A-42EA-A742-E1CE78834E2D}"
EndProject
Global
	GlobalSection(SolutionConfigurationPlatforms) = preSolution
		Debug|Any CPU = Debug|Any CPU
		Release|Any CPU = Release|Any CPU
	EndGlobalSection
	GlobalSection(ProjectConfigurationPlatforms) = postSolution
		{9FAB28E1-7660-4E3D-A613-23D5E2CC18E9}.Debug|Any CPU.ActiveCfg = Debug|Any CPU
		{9FAB28E1-7660-4E3D-A613-23D5E2CC18E9}.Debug|Any CPU.Build.0 = Debug|Any CPU
		{9FAB28E1-7660-4E3D-A613-23D5E2CC18E9}.Release|Any CPU.ActiveCfg = Release|Any CPU
		{9FAB28E1-7660-4E3D-A613-23D5E2CC18E9}.Release|Any CPU.Build.0 = Release|Any CPU
		{D0729CDE-6B8A-42EA-A742-E1CE78834E2D}.Debug|Any CPU.ActiveCfg = Debug|Any CPU
		{D0729CDE-6B8A-42EA-A742-E1CE78834E2D}.Debug|Any CPU.Build.0 = Debug|Any CPU
		{D0729CDE-6B8A-42EA-A742-E1CE78834E2D}.Release|Any CPU.ActiveCfg = Release|Any CPU
		{D0729CDE-6B8A-42EA-A742-E1CE78834E2D}.Release|Any CPU.Build.0 = Release|Any CPU
	EndGlobalSection
EndGlobal
